{
  "originHash" : "b9ef62d38cc7a30bc99c2fe14cffa05dbc1d3272aa9016b027e6aad665e87f1f",
  "pins" : [
    {
      "identity" : "cglfw3",
      "kind" : "remoteSourceControl",
      "location" : "https://github.com/thepotatoking55/CGLFW3.git",
      "state" : {
        "branch" : "main",
        "revision" : "91e7f0dabc03ab14f433bfa5de8c5a77e295958a"
      }
    },
    {
      "identity" : "image",
      "kind" : "remoteSourceControl",
      "location" : "https://github.com/SwiftGL/Image.git",
      "state" : {
        "revision" : "7aa96e7548baa8d06619b97a1906012193f6eff8",
        "version" : "2.2.0"
      }
    },
    {
      "identity" : "math",
      "kind" : "remoteSourceControl",
      "location" : "https://github.com/SwiftGL/Math.git",
      "state" : {
        "revision" : "4712dfff4fac7c459a3f997cea1b5e6475f14641",
        "version" : "2.2.0"
      }
    },
    {
      "identity" : "opengl",
      "kind" : "remoteSourceControl",
      "location" : "https://github.com/SwiftGL/OpenGL.git",
      "state" : {
        "revision" : "70b765437206a2b8b45c373bb70abbeb61004325",
        "version" : "3.1.1"
      }
    },
    {
      "identity" : "swift-log",
      "kind" : "remoteSourceControl",
      "location" : "https://github.com/apple/swift-log.git",
      "state" : {
        "revision" : "3d8596ed08bd13520157f0355e35caed215ffbfa",
        "version" : "1.6.3"
      }
    },
    {
      "identity" : "swift-log-oslog",
      "kind" : "remoteSourceControl",
      "location" : "https://github.com/chrisaljoudi/swift-log-oslog.git",
      "state" : {
        "revision" : "176d41d46429e79c806333025b226e0c50a0c602",
        "version" : "0.2.2"
      }
    },
    {
      "identity" : "swiftglfw",
      "kind" : "remoteSourceControl",
      "location" : "https://github.com/thepotatoking55/SwiftGLFW.git",
      "state" : {
        "branch" : "main",
        "revision" : "b7b5afc6e478b0e1a296673f24a44a7ed9c14afb"
      }
    }
  ],
  "version" : 3
}
